
Microsoft Visual Studio Solution File, Format Version 12.00
# Visual Studio 15
VisualStudioVersion = 15.0.28307.902
MinimumVisualStudioVersion = 10.0.40219.1
Project("{FAE04EC0-301F-11D3-BF4B-00C04F79EFBC}") = "HelloWorld", "HelloWorld\HelloWorld.csproj", "{21A53AEC-2E57-48C8-9DBE-FB1386D2B59B}"
EndProject
Project("{FAE04EC0-301F-11D3-BF4B-00C04F79EFBC}") = "UnitTest", "UnitTestProject1\UnitTest.csproj", "{19A0EB20-7457-480A-8FA5-16964E84C95B}"
EndProject
Global
	GlobalSection(SolutionConfigurationPlatforms) = preSolution
		Debug|Any CPU = Debug|Any CPU
		Release|Any CPU = Release|Any CPU
	EndGlobalSection
	GlobalSection(ProjectConfigurationPlatforms) = postSolution
		{21A53AEC-2E57-48C8-9DBE-FB1386D2B59B}.Debug|Any CPU.ActiveCfg = Debug|Any CPU
		{21A53AEC-2E57-48C8-9DBE-FB1386D2B59B}.Debug|Any CPU.Build.0 = Debug|Any CPU
		{21A53AEC-2E57-48C8-9DBE-FB1386D2B59B}.Release|Any CPU.ActiveCfg = Release|Any CPU
		{21A53AEC-2E57-48C8-9DBE-FB1386D2B59B}.Release|Any CPU.Build.0 = Release|Any CPU
		{19A0EB20-7457-480A-8FA5-16964E84C95B}.Debug|Any CPU.ActiveCfg = Debug|Any CPU
		{19A0EB20-7457-480A-8FA5-16964E84C95B}.Debug|Any CPU.Build.0 = Debug|Any CPU
		{19A0EB20-7457-480A-8FA5-16964E84C95B}.Release|Any CPU.ActiveCfg = Release|Any CPU
		{19A0EB20-7457-480A-8FA5-16964E84C95B}.Release|Any CPU.Build.0 = Release|Any CPU
	EndGlobalSection
	GlobalSection(SolutionProperties) = preSolution
		HideSolutionNode = FALSE
	EndGlobalSection
	GlobalSection(ExtensibilityGlobals) = postSolution
		SolutionGuid = {1DA87F1A-5774-4BED-B20A-98370F0DB58C}
	EndGlobalSection
EndGlobal
